
Microsoft Visual Studio Solution File, Format Version 12.00
# Visual Studio Version 17
VisualStudioVersion = 17.8.34330.188
MinimumVisualStudioVersion = 10.0.40219.1
Project("{FAE04EC0-301F-11D3-BF4B-00C04F79EFBC}") = "Test01-Hello", "Test01-Hello.csproj", "{A9453E73-E56B-4571-995D-E756192C6F23}"
EndProject
Project("{FAE04EC0-301F-11D3-BF4B-00C04F79EFBC}") = "Test02-List", "..\Test02-List\Test02-List.csproj", "{7A688736-F295-44CD-B94D-D26D46ABC4A0}"
EndProject
Global
	GlobalSection(SolutionConfigurationPlatforms) = preSolution
		Debug|Any CPU = Debug|Any CPU
		Release|Any CPU = Release|Any CPU
	EndGlobalSection
	GlobalSection(ProjectConfigurationPlatforms) = postSolution
		{A9453E73-E56B-4571-995D-E756192C6F23}.Debug|Any CPU.ActiveCfg = Debug|Any CPU
		{A9453E73-E56B-4571-995D-E756192C6F23}.Debug|Any CPU.Build.0 = Debug|Any CPU
		{A9453E73-E56B-4571-995D-E756192C6F23}.Release|Any CPU.ActiveCfg = Release|Any CPU
		{A9453E73-E56B-4571-995D-E756192C6F23}.Release|Any CPU.Build.0 = Release|Any CPU
		{7A688736-F295-44CD-B94D-D26D46ABC4A0}.Debug|Any CPU.ActiveCfg = Debug|Any CPU
		{7A688736-F295-44CD-B94D-D26D46ABC4A0}.Debug|Any CPU.Build.0 = Debug|Any CPU
		{7A688736-F295-44CD-B94D-D26D46ABC4A0}.Release|Any CPU.ActiveCfg = Release|Any CPU
		{7A688736-F295-44CD-B94D-D26D46ABC4A0}.Release|Any CPU.Build.0 = Release|Any CPU
	EndGlobalSection
	GlobalSection(SolutionProperties) = preSolution
		HideSolutionNode = FALSE
	EndGlobalSection
	GlobalSection(ExtensibilityGlobals) = postSolution
		SolutionGuid = {CF24A583-F295-41B1-BF47-542B09C01565}
	EndGlobalSection
EndGlobal
